{
  "name": "logs-axiom-publish",
  "version": "1.0.0",
  "lockfileVersion": 2,
  "requires": true,
  "packages": {
    "": {
      "name": "logs-axiom-publish",
      "version": "1.0.0",
      "license": "MIT",
      "dependencies": {
        "@axiomhq/js": "^1.1.0",
        "pmx": "beta",
        "tail": "^2.2.6"
      }
    },
    "node_modules/@axiomhq/js": {
      "version": "1.1.0",
      "resolved": "https://registry.npmjs.org/@axiomhq/js/-/js-1.1.0.tgz",
      "integrity": "sha512-vDRLDs4dTnBixDt535UqVtBNssKArSe2EOYeD0pTwfiLDJ5UBSRBoXTTQSMcPSnuUYpSZzsdASyb1xUIkaEtJQ==",
      "dependencies": {
        "fetch-retry": "^6.0.0",
        "uuid": "^8.3.2"
      },
      "engines": {
        "node": ">=16"
      }
    },
    "node_modules/debug": {
      "version": "4.3.4",
      "resolved": "https://registry.npmjs.org/debug/-/debug-4.3.4.tgz",
      "integrity": "sha512-PRWFHuSU3eDtQJPvnNY7Jcket1j0t5OuOsFzPPzsekD52Zl8qUfFIPEiswXqIvHWGVHOgX+7G/vCNNhehwxfkQ==",
      "dependencies": {
        "ms": "2.1.2"
      },
      "engines": {
        "node": ">=6.0"
      },
      "peerDependenciesMeta": {
        "supports-color": {
          "optional": true
        }
      }
    },
    "node_modules/fetch-retry": {
      "version": "6.0.0",
      "resolved": "https://registry.npmjs.org/fetch-retry/-/fetch-retry-6.0.0.tgz",
      "integrity": "sha512-BUFj1aMubgib37I3v4q78fYo63Po7t4HUPTpQ6/QE6yK6cIQrP+W43FYToeTEyg5m2Y7eFUtijUuAv/PDlWuag=="
    },
    "node_modules/json-stringify-safe": {
      "version": "5.0.1",
      "resolved": "https://registry.npmjs.org/json-stringify-safe/-/json-stringify-safe-5.0.1.tgz",
      "integrity": "sha512-ZClg6AaYvamvYEE82d3Iyd3vSSIjQ+odgjaTzRuO3s7toCdFKczob2i0zCh7JE8kWn17yvAWhUVxvqGwUalsRA=="
    },
    "node_modules/ms": {
      "version": "2.1.2",
      "resolved": "https://registry.npmjs.org/ms/-/ms-2.1.2.tgz",
      "integrity": "sha512-sGkPx+VjMtmA6MX27oA4FBFELFCZZ4S4XqeGOXCv68tT+jb3vk/RyaKWP0PTKyWtmLSM0b+adUTEvbs1PEaH2w=="
    },
    "node_modules/pmx": {
      "version": "0.5.0",
      "resolved": "https://registry.npmjs.org/pmx/-/pmx-0.5.0.tgz",
      "integrity": "sha512-wpkUOGPIGOa7S/VForfkRALjrekrlrxQDMhw5wBjt1YEmJP/tOxL+II0izWTSTWYaOXjdd2qp1VQAdWcYLi8yw==",
      "dependencies": {
        "debug": "*",
        "json-stringify-safe": "*"
      }
    },
    "node_modules/tail": {
      "version": "2.2.6",
      "resolved": "https://registry.npmjs.org/tail/-/tail-2.2.6.tgz",
      "integrity": "sha512-IQ6G4wK/t8VBauYiGPLx+d3fA5XjSVagjWV5SIYzvEvglbQjwEcukeYI68JOPpdydjxhZ9sIgzRlSmwSpphHyw==",
      "engines": {
        "node": ">= 6.0.0"
      }
    },
    "node_modules/uuid": {
      "version": "8.3.2",
      "resolved": "https://registry.npmjs.org/uuid/-/uuid-8.3.2.tgz",
      "integrity": "sha512-+NYs2QeMWy+GWFOEm9xnn6HCDp0l7QBD7ml8zLUmJ+93Q5NF0NocErnwkTkXVFNiX3/fpC6afS8Dhb/gz7R7eg==",
      "bin": {
        "uuid": "dist/bin/uuid"
      }
    }
  },
  "dependencies": {
    "@axiomhq/js": {
      "version": "1.1.0",
      "resolved": "https://registry.npmjs.org/@axiomhq/js/-/js-1.1.0.tgz",
      "integrity": "sha512-vDRLDs4dTnBixDt535UqVtBNssKArSe2EOYeD0pTwfiLDJ5UBSRBoXTTQSMcPSnuUYpSZzsdASyb1xUIkaEtJQ==",
      "requires": {
        "fetch-retry": "^6.0.0",
        "uuid": "^8.3.2"
      }
    },
    "debug": {
      "version": "4.3.4",
      "resolved": "https://registry.npmjs.org/debug/-/debug-4.3.4.tgz",
      "integrity": "sha512-PRWFHuSU3eDtQJPvnNY7Jcket1j0t5OuOsFzPPzsekD52Zl8qUfFIPEiswXqIvHWGVHOgX+7G/vCNNhehwxfkQ==",
      "requires": {
        "ms": "2.1.2"
      }
    },
    "fetch-retry": {
      "version": "6.0.0",
      "resolved": "https://registry.npmjs.org/fetch-retry/-/fetch-retry-6.0.0.tgz",
      "integrity": "sha512-BUFj1aMubgib37I3v4q78fYo63Po7t4HUPTpQ6/QE6yK6cIQrP+W43FYToeTEyg5m2Y7eFUtijUuAv/PDlWuag=="
    },
    "json-stringify-safe": {
      "version": "5.0.1",
      "resolved": "https://registry.npmjs.org/json-stringify-safe/-/json-stringify-safe-5.0.1.tgz",
      "integrity": "sha512-ZClg6AaYvamvYEE82d3Iyd3vSSIjQ+odgjaTzRuO3s7toCdFKczob2i0zCh7JE8kWn17yvAWhUVxvqGwUalsRA=="
    },
    "ms": {
      "version": "2.1.2",
      "resolved": "https://registry.npmjs.org/ms/-/ms-2.1.2.tgz",
      "integrity": "sha512-sGkPx+VjMtmA6MX27oA4FBFELFCZZ4S4XqeGOXCv68tT+jb3vk/RyaKWP0PTKyWtmLSM0b+adUTEvbs1PEaH2w=="
    },
    "pmx": {
      "version": "0.5.0",
      "resolved": "https://registry.npmjs.org/pmx/-/pmx-0.5.0.tgz",
      "integrity": "sha512-wpkUOGPIGOa7S/VForfkRALjrekrlrxQDMhw5wBjt1YEmJP/tOxL+II0izWTSTWYaOXjdd2qp1VQAdWcYLi8yw==",
      "requires": {
        "debug": "*",
        "json-stringify-safe": "*"
      }
    },
    "tail": {
      "version": "2.2.6",
      "resolved": "https://registry.npmjs.org/tail/-/tail-2.2.6.tgz",
      "integrity": "sha512-IQ6G4wK/t8VBauYiGPLx+d3fA5XjSVagjWV5SIYzvEvglbQjwEcukeYI68JOPpdydjxhZ9sIgzRlSmwSpphHyw=="
    },
    "uuid": {
      "version": "8.3.2",
      "resolved": "https://registry.npmjs.org/uuid/-/uuid-8.3.2.tgz",
      "integrity": "sha512-+NYs2QeMWy+GWFOEm9xnn6HCDp0l7QBD7ml8zLUmJ+93Q5NF0NocErnwkTkXVFNiX3/fpC6afS8Dhb/gz7R7eg=="
    }
  }
}
